// !$*UTF8*$!
{
	archiveVersion = 1;
	classes = {
	};
	objectVersion = 46;
	objects = {

/* Begin PBXBuildFile section */
		00EE51DD1EB83B6700DABA04 /* AppDelegate.swift in Sources */ = {isa = PBXBuildFile; fileRef = 00EE51DC1EB83B6700DABA04 /* AppDelegate.swift */; };
		00EE51DF1EB83B6700DABA04 /* ViewController.swift in Sources */ = {isa = PBXBuildFile; fileRef = 00EE51DE1EB83B6700DABA04 /* ViewController.swift */; };
		00EE51E21EB83B6700DABA04 /* Main.storyboard in Resources */ = {isa = PBXBuildFile; fileRef = 00EE51E01EB83B6700DABA04 /* Main.storyboard */; };
		00EE51E41EB83B6700DABA04 /* Assets.xcassets in Resources */ = {isa = PBXBuildFile; fileRef = 00EE51E31EB83B6700DABA04 /* Assets.xcassets */; };
		00EE51E71EB83B6700DABA04 /* LaunchScreen.storyboard in Resources */ = {isa = PBXBuildFile; fileRef = 00EE51E51EB83B6700DABA04 /* LaunchScreen.storyboard */; };
		00EE51F11EB83BE100DABA04 /* Switch.swift in Sources */ = {isa = PBXBuildFile; fileRef = 00EE51EE1EB83BE100DABA04 /* Switch.swift */; };
		00EE51F21EB83BE100DABA04 /* SwitchBasicLayer.swift in Sources */ = {isa = PBXBuildFile; fileRef = 00EE51EF1EB83BE100DABA04 /* SwitchBasicLayer.swift */; };
		00EE51F31EB83BE100DABA04 /* SwitchThumbLayer.swift in Sources */ = {isa = PBXBuildFile; fileRef = 00EE51F01EB83BE100DABA04 /* SwitchThumbLayer.swift */; };
/* End PBXBuildFile section */

/* Begin PBXFileReference section */
		00EE51D91EB83B6700DABA04 /* Switch.app */ = {isa = PBXFileReference; explicitFileType = wrapper.application; includeInIndex = 0; path = Switch.app; sourceTree = BUILT_PRODUCTS_DIR; };
		00EE51DC1EB83B6700DABA04 /* AppDelegate.swift */ = {isa = PBXFileReference; lastKnownFileType = sourcecode.swift; path = AppDelegate.swift; sourceTree = "<group>"; };
		00EE51DE1EB83B6700DABA04 /* ViewController.swift */ = {isa = PBXFileReference; lastKnownFileType = sourcecode.swift; path = ViewController.swift; sourceTree = "<group>"; };
		00EE51E11EB83B6700DABA04 /* Base */ = {isa = PBXFileReference; lastKnownFileType = file.storyboard; name = Base; path = Base.lproj/Main.storyboard; sourceTree = "<group>"; };
		00EE51E31EB83B6700DABA04 /* Assets.xcassets */ = {isa = PBXFileReference; lastKnownFileType = folder.assetcatalog; path = Assets.xcassets; sourceTree = "<group>"; };
		00EE51E61EB83B6700DABA04 /* Base */ = {isa = PBXFileReference; lastKnownFileType = file.storyboard; name = Base; path = Base.lproj/LaunchScreen.storyboard; sourceTree = "<group>"; };
		00EE51E81EB83B6700DABA04 /* Info.plist */ = {isa = PBXFileReference; lastKnownFileType = text.plist.xml; path = Info.plist; sourceTree = "<group>"; };
		00EE51EE1EB83BE100DABA04 /* Switch.swift */ = {isa = PBXFileReference; fileEncoding = 4; lastKnownFileType = sourcecode.swift; path = Switch.swift; sourceTree = "<group>"; };
		00EE51EF1EB83BE100DABA04 /* SwitchBasicLayer.swift */ = {isa = PBXFileReference; fileEncoding = 4; lastKnownFileType = sourcecode.swift; path = SwitchBasicLayer.swift; sourceTree = "<group>"; };
		00EE51F01EB83BE100DABA04 /* SwitchThumbLayer.swift */ = {isa = PBXFileReference; fileEncoding = 4; lastKnownFileType = sourcecode.swift; path = SwitchThumbLayer.swift; sourceTree = "<group>"; };
/* End PBXFileReference section */

/* Begin PBXFrameworksBuildPhase section */
		00EE51D61EB83B6700DABA04 /* Frameworks */ = {
			isa = PBXFrameworksBuildPhase;
			buildActionMask = 2147483647;
			files = (
			);
			runOnlyForDeploymentPostprocessing = 0;
		};
/* End PBXFrameworksBuildPhase section */

/* Begin PBXGroup section */
		00EE51D01EB83B6700DABA04 = {
			isa = PBXGroup;
			children = (
				00EE51DB1EB83B6700DABA04 /* Switch */,
				00EE51DA1EB83B6700DABA04 /* Products */,
			);
			sourceTree = "<group>";
		};
		00EE51DA1EB83B6700DABA04 /* Products */ = {
			isa = PBXGroup;
			children = (
				00EE51D91EB83B6700DABA04 /* Switch.app */,
			);
			name = Products;
			sourceTree = "<group>";
		};
		00EE51DB1EB83B6700DABA04 /* Switch */ = {
			isa = PBXGroup;
			children = (
				00EE51EE1EB83BE100DABA04 /* Switch.swift */,
				00EE51EF1EB83BE100DABA04 /* SwitchBasicLayer.swift */,
				00EE51F01EB83BE100DABA04 /* SwitchThumbLayer.swift */,
				00EE51DC1EB83B6700DABA04 /* AppDelegate.swift */,
				00EE51DE1EB83B6700DABA04 /* ViewController.swift */,
				00EE51E01EB83B6700DABA04 /* Main.storyboard */,
				00EE51E31EB83B6700DABA04 /* Assets.xcassets */,
				00EE51E51EB83B6700DABA04 /* LaunchScreen.storyboard */,
				00EE51E81EB83B6700DABA04 /* Info.plist */,
			);
			path = Switch;
			sourceTree = "<group>";
		};
/* End PBXGroup section */

/* Begin PBXNativeTarget section */
		00EE51D81EB83B6700DABA04 /* Switch */ = {
			isa = PBXNativeTarget;
			buildConfigurationList = 00EE51EB1EB83B6700DABA04 /* Build configuration list for PBXNativeTarget "Switch" */;
			buildPhases = (
				00EE51D51EB83B6700DABA04 /* Sources */,
				00EE51D61EB83B6700DABA04 /* Frameworks */,
				00EE51D71EB83B6700DABA04 /* Resources */,
			);
			buildRules = (
			);
			dependencies = (
			);
			name = Switch;
			productName = Switch;
			productReference = 00EE51D91EB83B6700DABA04 /* Switch.app */;
			productType = "com.apple.product-type.application";
		};
/* End PBXNativeTarget section */

/* Begin PBXProject section */
		00EE51D11EB83B6700DABA04 /* Project object */ = {
			isa = PBXProject;
			attributes = {
				LastSwiftUpdateCheck = 0830;
				LastUpgradeCheck = 0830;
				ORGANIZATIONNAME = Chin;
				TargetAttributes = {
					00EE51D81EB83B6700DABA04 = {
						CreatedOnToolsVersion = 8.3.2;
						DevelopmentTeam = XGU6S72LGU;
						ProvisioningStyle = Automatic;
					};
				};
			};
			buildConfigurationList = 00EE51D41EB83B6700DABA04 /* Build configuration list for PBXProject "Switch" */;
			compatibilityVersion = "Xcode 3.2";
			developmentRegion = English;
			hasScannedForEncodings = 0;
			knownRegions = (
				en,
				Base,
			);
			mainGroup = 00EE51D01EB83B6700DABA04;
			productRefGroup = 00EE51DA1EB83B6700DABA04 /* Products */;
			projectDirPath = "";
			projectRoot = "";
			targets = (
				00EE51D81EB83B6700DABA04 /* Switch */,
			);
		};
/* End PBXProject section */

/* Begin PBXResourcesBuildPhase section */
		00EE51D71EB83B6700DABA04 /* Resources */ = {
			isa = PBXResourcesBuildPhase;
			buildActionMask = 2147483647;
			files = (
				00EE51E71EB83B6700DABA04 /* LaunchScreen.storyboard in Resources */,
				00EE51E41EB83B6700DABA04 /* Assets.xcassets in Resources */,
				00EE51E21EB83B6700DABA04 /* Main.storyboard in Resources */,
			);
			runOnlyForDeploymentPostprocessing = 0;
		};
/* End PBXResourcesBuildPhase section */

/* Begin PBXSourcesBuildPhase section */
		00EE51D51EB83B6700DABA04 /* Sources */ = {
			isa = PBXSourcesBuildPhase;
			buildActionMask = 2147483647;
			files = (
				00EE51F11EB83BE100DABA04 /* Switch.swift in Sources */,
				00EE51DF1EB83B6700DABA04 /* ViewController.swift in Sources */,
				00EE51F31EB83BE100DABA04 /* SwitchThumbLayer.swift in Sources */,
				00EE51F21EB83BE100DABA04 /* SwitchBasicLayer.swift in Sources */,
				00EE51DD1EB83B6700DABA04 /* AppDelegate.swift in Sources */,
			);
			runOnlyForDeploymentPostprocessing = 0;
		};
/* End PBXSourcesBuildPhase section */

/* Begin PBXVariantGroup section */
		00EE51E01EB83B6700DABA04 /* Main.storyboard */ = {
			isa = PBXVariantGroup;
			children = (
				00EE51E11EB83B6700DABA04 /* Base */,
			);
			name = Main.storyboard;
			sourceTree = "<group>";
		};
		00EE51E51EB83B6700DABA04 /* LaunchScreen.storyboard */ = {
			isa = PBXVariantGroup;
			children = (
				00EE51E61EB83B6700DABA04 /* Base */,
			);
			name = LaunchScreen.storyboard;
			sourceTree = "<group>";
		};
/* End PBXVariantGroup section */

/* Begin XCBuildConfiguration section */
		00EE51E91EB83B6700DABA04 /* Debug */ = {
			isa = XCBuildConfiguration;
			buildSettings = {
				ALWAYS_SEARCH_USER_PATHS = NO;
				CLANG_ANALYZER_NONNULL = YES;
				CLANG_ANALYZER_NUMBER_OBJECT_CONVERSION = YES_AGGRESSIVE;
				CLANG_CXX_LANGUAGE_STANDARD = "gnu++0x";
				CLANG_CXX_LIBRARY = "libc++";
				CLANG_ENABLE_MODULES = YES;
				CLANG_ENABLE_OBJC_ARC = YES;
				CLANG_WARN_BOOL_CONVERSION = YES;
				CLANG_WARN_CONSTANT_CONVERSION = YES;
				CLANG_WARN_DIRECT_OBJC_ISA_USAGE = YES_ERROR;
				CLANG_WARN_DOCUMENTATION_COMMENTS = YES;
				CLANG_WARN_EMPTY_BODY = YES;
				CLANG_WARN_ENUM_CONVERSION = YES;
				CLANG_WARN_INFINITE_RECURSION = YES;
				CLANG_WARN_INT_CONVERSION = YES;
				CLANG_WARN_OBJC_ROOT_CLASS = YES_ERROR;
				CLANG_WARN_SUSPICIOUS_MOVE = YES;
				CLANG_WARN_UNREACHABLE_CODE = YES;
				CLANG_WARN__DUPLICATE_METHOD_MATCH = YES;
				"CODE_SIGN_IDENTITY[sdk=iphoneos*]" = "iPhone Developer";
				COPY_PHASE_STRIP = NO;
				DEBUG_INFORMATION_FORMAT = dwarf;
				ENABLE_STRICT_OBJC_MSGSEND = YES;
				ENABLE_TESTABILITY = YES;
				GCC_C_LANGUAGE_STANDARD = gnu99;
				GCC_DYNAMIC_NO_PIC = NO;
				GCC_NO_COMMON_BLOCKS = YES;
				GCC_OPTIMIZATION_LEVEL = 0;
				GCC_PREPROCESSOR_DEFINITIONS = (
					"DEBUG=1",
					"$(inherited)",
				);
				GCC_WARN_64_TO_32_BIT_CONVERSION = YES;
				GCC_WARN_ABOUT_RETURN_TYPE = YES_ERROR;
				GCC_WARN_UNDECLARED_SELECTOR = YES;
				GCC_WARN_UNINITIALIZED_AUTOS = YES_AGGRESSIVE;
				GCC_WARN_UNUSED_FUNCTION = YES;
				GCC_WARN_UNUSED_VARIABLE = YES;
				IPHONEOS_DEPLOYMENT_TARGET = 10.3;
				MTL_ENABLE_DEBUG_INFO = YES;
				ONLY_ACTIVE_ARCH = YES;
				SDKROOT = iphoneos;
				SWIFT_ACTIVE_COMPILATION_CONDITIONS = DEBUG;
				SWIFT_OPTIMIZATION_LEVEL = "-Onone";
			};
			name = Debug;
		};
		00EE51EA1EB83B6700DABA04 /* Release */ = {
			isa = XCBuildConfiguration;
			buildSettings = {
				ALWAYS_SEARCH_USER_PATHS = NO;
				CLANG_ANALYZER_NONNULL = YES;
				CLANG_ANALYZER_NUMBER_OBJECT_CONVERSION = YES_AGGRESSIVE;
				CLANG_CXX_LANGUAGE_STANDARD = "gnu++0x";
				CLANG_CXX_LIBRARY = "libc++";
				CLANG_ENABLE_MODULES = YES;
				CLANG_ENABLE_OBJC_ARC = YES;
				CLANG_WARN_BOOL_CONVERSION = YES;
				CLANG_WARN_CONSTANT_CONVERSION = YES;
				CLANG_WARN_DIRECT_OBJC_ISA_USAGE = YES_ERROR;
				CLANG_WARN_DOCUMENTATION_COMMENTS = YES;
				CLANG_WARN_EMPTY_BODY = YES;
				CLANG_WARN_ENUM_CONVERSION = YES;
				CLANG_WARN_INFINITE_RECURSION = YES;
				CLANG_WARN_INT_CONVERSION = YES;
				CLANG_WARN_OBJC_ROOT_CLASS = YES_ERROR;
				CLANG_WARN_SUSPICIOUS_MOVE = YES;
				CLANG_WARN_UNREACHABLE_CODE = YES;
				CLANG_WARN__DUPLICATE_METHOD_MATCH = YES;
				"CODE_SIGN_IDENTITY[sdk=iphoneos*]" = "iPhone Developer";
				COPY_PHASE_STRIP = NO;
				DEBUG_INFORMATION_FORMAT = "dwarf-with-dsym";
				ENABLE_NS_ASSERTIONS = NO;
				ENABLE_STRICT_OBJC_MSGSEND = YES;
				GCC_C_LANGUAGE_STANDARD = gnu99;
				GCC_NO_COMMON_BLOCKS = YES;
				GCC_WARN_64_TO_32_BIT_CONVERSION = YES;
				GCC_WARN_ABOUT_RETURN_TYPE = YES_ERROR;
				GCC_WARN_UNDECLARED_SELECTOR = YES;
				GCC_WARN_UNINITIALIZED_AUTOS = YES_AGGRESSIVE;
				GCC_WARN_UNUSED_FUNCTION = YES;
				GCC_WARN_UNUSED_VARIABLE = YES;
				IPHONEOS_DEPLOYMENT_TARGET = 10.3;
				MTL_ENABLE_DEBUG_INFO = NO;
				SDKROOT = iphoneos;
				SWIFT_OPTIMIZATION_LEVEL = "-Owholemodule";
				VALIDATE_PRODUCT = YES;
			};
			name = Release;
		};
		00EE51EC1EB83B6700DABA04 /* Debug */ = {
			isa = XCBuildConfiguration;
			buildSettings = {
				ASSETCATALOG_COMPILER_APPICON_NAME = AppIcon;
				DEVELOPMENT_TEAM = XGU6S72LGU;
				INFOPLIST_FILE = Switch/Info.plist;
				LD_RUNPATH_SEARCH_PATHS = "$(inherited) @executable_path/Frameworks";
				PRODUCT_BUNDLE_IDENTIFIER = com.chin.Switch;
				PRODUCT_NAME = "$(TARGET_NAME)";
				SWIFT_VERSION = 3.0;
			};
			name = Debug;
		};
		00EE51ED1EB83B6700DABA04 /* Release */ = {
			isa = XCBuildConfiguration;
			buildSettings = {
				ASSETCATALOG_COMPILER_APPICON_NAME = AppIcon;
				DEVELOPMENT_TEAM = XGU6S72LGU;
				INFOPLIST_FILE = Switch/Info.plist;
				LD_RUNPATH_SEARCH_PATHS = "$(inherited) @executable_path/Frameworks";
				PRODUCT_BUNDLE_IDENTIFIER = com.chin.Switch;
				PRODUCT_NAME = "$(TARGET_NAME)";
				SWIFT_VERSION = 3.0;
			};
			name = Release;
		};
/* End XCBuildConfiguration section */

/* Begin XCConfigurationList section */
		00EE51D41EB83B6700DABA04 /* Build configuration list for PBXProject "Switch" */ = {
			isa = XCConfigurationList;
			buildConfigurations = (
				00EE51E91EB83B6700DABA04 /* Debug */,
				00EE51EA1EB83B6700DABA04 /* Release */,
			);
			defaultConfigurationIsVisible = 0;
			defaultConfigurationName = Release;
		};
		00EE51EB1EB83B6700DABA04 /* Build configuration list for PBXNativeTarget "Switch" */ = {
			isa = XCConfigurationList;
			buildConfigurations = (
				00EE51EC1EB83B6700DABA04 /* Debug */,
				00EE51ED1EB83B6700DABA04 /* Release */,
			);
			defaultConfigurationIsVisible = 0;
		};
/* End XCConfigurationList section */
	};
	rootObject = 00EE51D11EB83B6700DABA04 /* Project object */;
}
